// !$*UTF8*$!
{
	archiveVersion = 1;
	classes = {
	};
	objectVersion = 55;
	objects = {

/* Begin PBXBuildFile section */
		B011D9E72BA0B92200FCB7FE /* YTPlaylistController.m in Sources */ = {isa = PBXBuildFile; fileRef = B011D9E62BA0B92200FCB7FE /* YTPlaylistController.m */; };
		B0146A7C2B9AB6520029023B /* AppDelegate.m in Sources */ = {isa = PBXBuildFile; fileRef = B0146A7B2B9AB6520029023B /* AppDelegate.m */; };
		B0146A822B9AB6520029023B /* HomeController.m in Sources */ = {isa = PBXBuildFile; fileRef = B0146A812B9AB6520029023B /* HomeController.m */; };
		B0146A872B9AB6580029023B /* Assets.xcassets in Resources */ = {isa = PBXBuildFile; fileRef = B0146A862B9AB6580029023B /* Assets.xcassets */; };
		B0146A8A2B9AB6580029023B /* LaunchScreen.storyboard in Resources */ = {isa = PBXBuildFile; fileRef = B0146A882B9AB6580029023B /* LaunchScreen.storyboard */; };
		B0146A8D2B9AB6580029023B /* main.m in Sources */ = {isa = PBXBuildFile; fileRef = B0146A8C2B9AB6580029023B /* main.m */; };
		B0146A952B9AB8630029023B /* VideoBoxView.m in Sources */ = {isa = PBXBuildFile; fileRef = B0146A942B9AB8630029023B /* VideoBoxView.m */; };
		B04358FA2B9F4C7600CBDFD0 /* WatchViewController.m in Sources */ = {isa = PBXBuildFile; fileRef = B04358F92B9F4C7600CBDFD0 /* WatchViewController.m */; };
		B0B3949D2B9E20E600754F8B /* SnoolieSearchBar.m in Sources */ = {isa = PBXBuildFile; fileRef = B0B3949C2B9E20E600754F8B /* SnoolieSearchBar.m */; };
		B0B394A02B9E22C200754F8B /* InvidiousAPIManager.m in Sources */ = {isa = PBXBuildFile; fileRef = B0B3949F2B9E22C200754F8B /* InvidiousAPIManager.m */; };
		B0B394A32B9E324E00754F8B /* VideoBoxScrollView.m in Sources */ = {isa = PBXBuildFile; fileRef = B0B394A22B9E324E00754F8B /* VideoBoxScrollView.m */; };
/* End PBXBuildFile section */

/* Begin PBXFileReference section */
		B011D9E52BA0B92200FCB7FE /* YTPlaylistController.h */ = {isa = PBXFileReference; lastKnownFileType = sourcecode.c.h; path = YTPlaylistController.h; sourceTree = "<group>"; };
		B011D9E62BA0B92200FCB7FE /* YTPlaylistController.m */ = {isa = PBXFileReference; lastKnownFileType = sourcecode.c.objc; path = YTPlaylistController.m; sourceTree = "<group>"; };
		B0146A772B9AB6520029023B /* SnoolieTube.app */ = {isa = PBXFileReference; explicitFileType = wrapper.application; includeInIndex = 0; path = SnoolieTube.app; sourceTree = BUILT_PRODUCTS_DIR; };
		B0146A7A2B9AB6520029023B /* AppDelegate.h */ = {isa = PBXFileReference; lastKnownFileType = sourcecode.c.h; path = AppDelegate.h; sourceTree = "<group>"; };
		B0146A7B2B9AB6520029023B /* AppDelegate.m */ = {isa = PBXFileReference; lastKnownFileType = sourcecode.c.objc; path = AppDelegate.m; sourceTree = "<group>"; };
		B0146A802B9AB6520029023B /* HomeController.h */ = {isa = PBXFileReference; lastKnownFileType = sourcecode.c.h; path = HomeController.h; sourceTree = "<group>"; };
		B0146A812B9AB6520029023B /* HomeController.m */ = {isa = PBXFileReference; lastKnownFileType = sourcecode.c.objc; path = HomeController.m; sourceTree = "<group>"; };
		B0146A862B9AB6580029023B /* Assets.xcassets */ = {isa = PBXFileReference; lastKnownFileType = folder.assetcatalog; path = Assets.xcassets; sourceTree = "<group>"; };
		B0146A892B9AB6580029023B /* Base */ = {isa = PBXFileReference; lastKnownFileType = file.storyboard; name = Base; path = Base.lproj/LaunchScreen.storyboard; sourceTree = "<group>"; };
		B0146A8B2B9AB6580029023B /* Info.plist */ = {isa = PBXFileReference; lastKnownFileType = text.plist.xml; path = Info.plist; sourceTree = "<group>"; };
		B0146A8C2B9AB6580029023B /* main.m */ = {isa = PBXFileReference; lastKnownFileType = sourcecode.c.objc; path = main.m; sourceTree = "<group>"; };
		B0146A932B9AB8630029023B /* VideoBoxView.h */ = {isa = PBXFileReference; lastKnownFileType = sourcecode.c.h; path = VideoBoxView.h; sourceTree = "<group>"; };
		B0146A942B9AB8630029023B /* VideoBoxView.m */ = {isa = PBXFileReference; lastKnownFileType = sourcecode.c.objc; path = VideoBoxView.m; sourceTree = "<group>"; };
		B04358F82B9F4C7600CBDFD0 /* WatchViewController.h */ = {isa = PBXFileReference; lastKnownFileType = sourcecode.c.h; path = WatchViewController.h; sourceTree = "<group>"; };
		B04358F92B9F4C7600CBDFD0 /* WatchViewController.m */ = {isa = PBXFileReference; lastKnownFileType = sourcecode.c.objc; path = WatchViewController.m; sourceTree = "<group>"; };
		B0B3949B2B9E20E600754F8B /* SnoolieSearchBar.h */ = {isa = PBXFileReference; lastKnownFileType = sourcecode.c.h; path = SnoolieSearchBar.h; sourceTree = "<group>"; };
		B0B3949C2B9E20E600754F8B /* SnoolieSearchBar.m */ = {isa = PBXFileReference; lastKnownFileType = sourcecode.c.objc; path = SnoolieSearchBar.m; sourceTree = "<group>"; };
		B0B3949E2B9E22C200754F8B /* InvidiousAPIManager.h */ = {isa = PBXFileReference; lastKnownFileType = sourcecode.c.h; path = InvidiousAPIManager.h; sourceTree = "<group>"; };
		B0B3949F2B9E22C200754F8B /* InvidiousAPIManager.m */ = {isa = PBXFileReference; lastKnownFileType = sourcecode.c.objc; path = InvidiousAPIManager.m; sourceTree = "<group>"; };
		B0B394A12B9E324E00754F8B /* VideoBoxScrollView.h */ = {isa = PBXFileReference; lastKnownFileType = sourcecode.c.h; path = VideoBoxScrollView.h; sourceTree = "<group>"; };
		B0B394A22B9E324E00754F8B /* VideoBoxScrollView.m */ = {isa = PBXFileReference; lastKnownFileType = sourcecode.c.objc; path = VideoBoxScrollView.m; sourceTree = "<group>"; };
/* End PBXFileReference section */

/* Begin PBXFrameworksBuildPhase section */
		B0146A742B9AB6520029023B /* Frameworks */ = {
			isa = PBXFrameworksBuildPhase;
			buildActionMask = 2147483647;
			files = (
			);
			runOnlyForDeploymentPostprocessing = 0;
		};
/* End PBXFrameworksBuildPhase section */

/* Begin PBXGroup section */
		B0146A6E2B9AB6520029023B = {
			isa = PBXGroup;
			children = (
				B0146A792B9AB6520029023B /* SnoolieTube */,
				B0146A782B9AB6520029023B /* Products */,
			);
			sourceTree = "<group>";
		};
		B0146A782B9AB6520029023B /* Products */ = {
			isa = PBXGroup;
			children = (
				B0146A772B9AB6520029023B /* SnoolieTube.app */,
			);
			name = Products;
			sourceTree = "<group>";
		};
		B0146A792B9AB6520029023B /* SnoolieTube */ = {
			isa = PBXGroup;
			children = (
				B011D9E52BA0B92200FCB7FE /* YTPlaylistController.h */,
				B011D9E62BA0B92200FCB7FE /* YTPlaylistController.m */,
				B0146A7A2B9AB6520029023B /* AppDelegate.h */,
				B0146A7B2B9AB6520029023B /* AppDelegate.m */,
				B0146A802B9AB6520029023B /* HomeController.h */,
				B0146A812B9AB6520029023B /* HomeController.m */,
				B0146A862B9AB6580029023B /* Assets.xcassets */,
				B0146A882B9AB6580029023B /* LaunchScreen.storyboard */,
				B0146A8B2B9AB6580029023B /* Info.plist */,
				B0146A8C2B9AB6580029023B /* main.m */,
				B0146A932B9AB8630029023B /* VideoBoxView.h */,
				B0146A942B9AB8630029023B /* VideoBoxView.m */,
				B0B3949B2B9E20E600754F8B /* SnoolieSearchBar.h */,
				B0B3949C2B9E20E600754F8B /* SnoolieSearchBar.m */,
				B0B3949E2B9E22C200754F8B /* InvidiousAPIManager.h */,
				B0B3949F2B9E22C200754F8B /* InvidiousAPIManager.m */,
				B0B394A12B9E324E00754F8B /* VideoBoxScrollView.h */,
				B0B394A22B9E324E00754F8B /* VideoBoxScrollView.m */,
				B04358F82B9F4C7600CBDFD0 /* WatchViewController.h */,
				B04358F92B9F4C7600CBDFD0 /* WatchViewController.m */,
			);
			path = SnoolieTube;
			sourceTree = "<group>";
		};
/* End PBXGroup section */

/* Begin PBXNativeTarget section */
		B0146A762B9AB6520029023B /* SnoolieTube */ = {
			isa = PBXNativeTarget;
			buildConfigurationList = B0146A902B9AB6580029023B /* Build configuration list for PBXNativeTarget "SnoolieTube" */;
			buildPhases = (
				B0146A732B9AB6520029023B /* Sources */,
				B0146A742B9AB6520029023B /* Frameworks */,
				B0146A752B9AB6520029023B /* Resources */,
			);
			buildRules = (
			);
			dependencies = (
			);
			name = SnoolieTube;
			productName = SnoolieTube;
			productReference = B0146A772B9AB6520029023B /* SnoolieTube.app */;
			productType = "com.apple.product-type.application";
		};
/* End PBXNativeTarget section */

/* Begin PBXProject section */
		B0146A6F2B9AB6520029023B /* Project object */ = {
			isa = PBXProject;
			attributes = {
				BuildIndependentTargetsInParallel = 1;
				LastUpgradeCheck = 1330;
				TargetAttributes = {
					B0146A762B9AB6520029023B = {
						CreatedOnToolsVersion = 13.3.1;
					};
				};
			};
			buildConfigurationList = B0146A722B9AB6520029023B /* Build configuration list for PBXProject "SnoolieTube" */;
			compatibilityVersion = "Xcode 13.0";
			developmentRegion = en;
			hasScannedForEncodings = 0;
			knownRegions = (
				en,
				Base,
			);
			mainGroup = B0146A6E2B9AB6520029023B;
			productRefGroup = B0146A782B9AB6520029023B /* Products */;
			projectDirPath = "";
			projectRoot = "";
			targets = (
				B0146A762B9AB6520029023B /* SnoolieTube */,
			);
		};
/* End PBXProject section */

/* Begin PBXResourcesBuildPhase section */
		B0146A752B9AB6520029023B /* Resources */ = {
			isa = PBXResourcesBuildPhase;
			buildActionMask = 2147483647;
			files = (
				B0146A8A2B9AB6580029023B /* LaunchScreen.storyboard in Resources */,
				B0146A872B9AB6580029023B /* Assets.xcassets in Resources */,
			);
			runOnlyForDeploymentPostprocessing = 0;
		};
/* End PBXResourcesBuildPhase section */

/* Begin PBXSourcesBuildPhase section */
		B0146A732B9AB6520029023B /* Sources */ = {
			isa = PBXSourcesBuildPhase;
			buildActionMask = 2147483647;
			files = (
				B011D9E72BA0B92200FCB7FE /* YTPlaylistController.m in Sources */,
				B0146A952B9AB8630029023B /* VideoBoxView.m in Sources */,
				B0B394A32B9E324E00754F8B /* VideoBoxScrollView.m in Sources */,
				B0146A822B9AB6520029023B /* HomeController.m in Sources */,
				B0146A7C2B9AB6520029023B /* AppDelegate.m in Sources */,
				B0B394A02B9E22C200754F8B /* InvidiousAPIManager.m in Sources */,
				B0146A8D2B9AB6580029023B /* main.m in Sources */,
				B04358FA2B9F4C7600CBDFD0 /* WatchViewController.m in Sources */,
				B0B3949D2B9E20E600754F8B /* SnoolieSearchBar.m in Sources */,
			);
			runOnlyForDeploymentPostprocessing = 0;
		};
/* End PBXSourcesBuildPhase section */

/* Begin PBXVariantGroup section */
		B0146A882B9AB6580029023B /* LaunchScreen.storyboard */ = {
			isa = PBXVariantGroup;
			children = (
				B0146A892B9AB6580029023B /* Base */,
			);
			name = LaunchScreen.storyboard;
			sourceTree = "<group>";
		};
/* End PBXVariantGroup section */

/* Begin XCBuildConfiguration section */
		B0146A8E2B9AB6580029023B /* Debug */ = {
			isa = XCBuildConfiguration;
			buildSettings = {
				ALWAYS_SEARCH_USER_PATHS = NO;
				CLANG_ANALYZER_NONNULL = YES;
				CLANG_ANALYZER_NUMBER_OBJECT_CONVERSION = YES_AGGRESSIVE;
				CLANG_CXX_LANGUAGE_STANDARD = "gnu++17";
				CLANG_ENABLE_MODULES = YES;
				CLANG_ENABLE_OBJC_ARC = YES;
				CLANG_ENABLE_OBJC_WEAK = YES;
				CLANG_WARN_BLOCK_CAPTURE_AUTORELEASING = YES;
				CLANG_WARN_BOOL_CONVERSION = YES;
				CLANG_WARN_COMMA = YES;
				CLANG_WARN_CONSTANT_CONVERSION = YES;
				CLANG_WARN_DEPRECATED_OBJC_IMPLEMENTATIONS = YES;
				CLANG_WARN_DIRECT_OBJC_ISA_USAGE = YES_ERROR;
				CLANG_WARN_DOCUMENTATION_COMMENTS = YES;
				CLANG_WARN_EMPTY_BODY = YES;
				CLANG_WARN_ENUM_CONVERSION = YES;
				CLANG_WARN_INFINITE_RECURSION = YES;
				CLANG_WARN_INT_CONVERSION = YES;
				CLANG_WARN_NON_LITERAL_NULL_CONVERSION = YES;
				CLANG_WARN_OBJC_IMPLICIT_RETAIN_SELF = YES;
				CLANG_WARN_OBJC_LITERAL_CONVERSION = YES;
				CLANG_WARN_OBJC_ROOT_CLASS = YES_ERROR;
				CLANG_WARN_QUOTED_INCLUDE_IN_FRAMEWORK_HEADER = YES;
				CLANG_WARN_RANGE_LOOP_ANALYSIS = YES;
				CLANG_WARN_STRICT_PROTOTYPES = YES;
				CLANG_WARN_SUSPICIOUS_MOVE = YES;
				CLANG_WARN_UNGUARDED_AVAILABILITY = YES_AGGRESSIVE;
				CLANG_WARN_UNREACHABLE_CODE = YES;
				CLANG_WARN__DUPLICATE_METHOD_MATCH = YES;
				COPY_PHASE_STRIP = NO;
				DEBUG_INFORMATION_FORMAT = dwarf;
				ENABLE_STRICT_OBJC_MSGSEND = YES;
				ENABLE_TESTABILITY = YES;
				GCC_C_LANGUAGE_STANDARD = gnu11;
				GCC_DYNAMIC_NO_PIC = NO;
				GCC_NO_COMMON_BLOCKS = YES;
				GCC_OPTIMIZATION_LEVEL = 0;
				GCC_PREPROCESSOR_DEFINITIONS = (
					"DEBUG=1",
					"$(inherited)",
				);
				GCC_WARN_64_TO_32_BIT_CONVERSION = YES;
				GCC_WARN_ABOUT_RETURN_TYPE = YES_ERROR;
				GCC_WARN_UNDECLARED_SELECTOR = YES;
				GCC_WARN_UNINITIALIZED_AUTOS = YES_AGGRESSIVE;
				GCC_WARN_UNUSED_FUNCTION = YES;
				GCC_WARN_UNUSED_VARIABLE = YES;
				IPHONEOS_DEPLOYMENT_TARGET = 7.0;
				MTL_ENABLE_DEBUG_INFO = INCLUDE_SOURCE;
				MTL_FAST_MATH = YES;
				ONLY_ACTIVE_ARCH = YES;
				SDKROOT = iphoneos;
			};
			name = Debug;
		};
		B0146A8F2B9AB6580029023B /* Release */ = {
			isa = XCBuildConfiguration;
			buildSettings = {
				ALWAYS_SEARCH_USER_PATHS = NO;
				CLANG_ANALYZER_NONNULL = YES;
				CLANG_ANALYZER_NUMBER_OBJECT_CONVERSION = YES_AGGRESSIVE;
				CLANG_CXX_LANGUAGE_STANDARD = "gnu++17";
				CLANG_ENABLE_MODULES = YES;
				CLANG_ENABLE_OBJC_ARC = YES;
				CLANG_ENABLE_OBJC_WEAK = YES;
				CLANG_WARN_BLOCK_CAPTURE_AUTORELEASING = YES;
				CLANG_WARN_BOOL_CONVERSION = YES;
				CLANG_WARN_COMMA = YES;
				CLANG_WARN_CONSTANT_CONVERSION = YES;
				CLANG_WARN_DEPRECATED_OBJC_IMPLEMENTATIONS = YES;
				CLANG_WARN_DIRECT_OBJC_ISA_USAGE = YES_ERROR;
				CLANG_WARN_DOCUMENTATION_COMMENTS = YES;
				CLANG_WARN_EMPTY_BODY = YES;
				CLANG_WARN_ENUM_CONVERSION = YES;
				CLANG_WARN_INFINITE_RECURSION = YES;
				CLANG_WARN_INT_CONVERSION = YES;
				CLANG_WARN_NON_LITERAL_NULL_CONVERSION = YES;
				CLANG_WARN_OBJC_IMPLICIT_RETAIN_SELF = YES;
				CLANG_WARN_OBJC_LITERAL_CONVERSION = YES;
				CLANG_WARN_OBJC_ROOT_CLASS = YES_ERROR;
				CLANG_WARN_QUOTED_INCLUDE_IN_FRAMEWORK_HEADER = YES;
				CLANG_WARN_RANGE_LOOP_ANALYSIS = YES;
				CLANG_WARN_STRICT_PROTOTYPES = YES;
				CLANG_WARN_SUSPICIOUS_MOVE = YES;
				CLANG_WARN_UNGUARDED_AVAILABILITY = YES_AGGRESSIVE;
				CLANG_WARN_UNREACHABLE_CODE = YES;
				CLANG_WARN__DUPLICATE_METHOD_MATCH = YES;
				COPY_PHASE_STRIP = NO;
				DEBUG_INFORMATION_FORMAT = "dwarf-with-dsym";
				ENABLE_NS_ASSERTIONS = NO;
				ENABLE_STRICT_OBJC_MSGSEND = YES;
				GCC_C_LANGUAGE_STANDARD = gnu11;
				GCC_NO_COMMON_BLOCKS = YES;
				GCC_WARN_64_TO_32_BIT_CONVERSION = YES;
				GCC_WARN_ABOUT_RETURN_TYPE = YES_ERROR;
				GCC_WARN_UNDECLARED_SELECTOR = YES;
				GCC_WARN_UNINITIALIZED_AUTOS = YES_AGGRESSIVE;
				GCC_WARN_UNUSED_FUNCTION = YES;
				GCC_WARN_UNUSED_VARIABLE = YES;
				IPHONEOS_DEPLOYMENT_TARGET = 7.0;
				MTL_ENABLE_DEBUG_INFO = NO;
				MTL_FAST_MATH = YES;
				SDKROOT = iphoneos;
				VALIDATE_PRODUCT = YES;
			};
			name = Release;
		};
		B0146A912B9AB6580029023B /* Debug */ = {
			isa = XCBuildConfiguration;
			buildSettings = {
				ASSETCATALOG_COMPILER_APPICON_NAME = AppIcon;
				ASSETCATALOG_COMPILER_GLOBAL_ACCENT_COLOR_NAME = AccentColor;
				CODE_SIGN_STYLE = Automatic;
				CURRENT_PROJECT_VERSION = 1;
				DEVELOPMENT_TEAM = RR5WP5NG77;
				GENERATE_INFOPLIST_FILE = YES;
				INFOPLIST_FILE = SnoolieTube/Info.plist;
				INFOPLIST_KEY_UIApplicationSupportsIndirectInputEvents = YES;
				INFOPLIST_KEY_UILaunchStoryboardName = LaunchScreen;
				INFOPLIST_KEY_UISupportedInterfaceOrientations_iPad = "UIInterfaceOrientationPortrait UIInterfaceOrientationPortraitUpsideDown UIInterfaceOrientationLandscapeLeft UIInterfaceOrientationLandscapeRight";
				INFOPLIST_KEY_UISupportedInterfaceOrientations_iPhone = "UIInterfaceOrientationPortrait UIInterfaceOrientationLandscapeLeft UIInterfaceOrientationLandscapeRight";
				IPHONEOS_DEPLOYMENT_TARGET = 7.0;
				LD_RUNPATH_SEARCH_PATHS = (
					"$(inherited)",
					"@executable_path/Frameworks",
				);
				MARKETING_VERSION = 1.0;
				PRODUCT_BUNDLE_IDENTIFIER = com.0xilis.SnoolieTube;
				PRODUCT_NAME = "$(TARGET_NAME)";
				SWIFT_EMIT_LOC_STRINGS = YES;
				TARGETED_DEVICE_FAMILY = "1,2";
			};
			name = Debug;
		};
		B0146A922B9AB6580029023B /* Release */ = {
			isa = XCBuildConfiguration;
			buildSettings = {
				ASSETCATALOG_COMPILER_APPICON_NAME = AppIcon;
				ASSETCATALOG_COMPILER_GLOBAL_ACCENT_COLOR_NAME = AccentColor;
				CODE_SIGN_STYLE = Automatic;
				CURRENT_PROJECT_VERSION = 1;
				DEVELOPMENT_TEAM = RR5WP5NG77;
				GENERATE_INFOPLIST_FILE = YES;
				INFOPLIST_FILE = SnoolieTube/Info.plist;
				INFOPLIST_KEY_UIApplicationSupportsIndirectInputEvents = YES;
				INFOPLIST_KEY_UILaunchStoryboardName = LaunchScreen;
				INFOPLIST_KEY_UISupportedInterfaceOrientations_iPad = "UIInterfaceOrientationPortrait UIInterfaceOrientationPortraitUpsideDown UIInterfaceOrientationLandscapeLeft UIInterfaceOrientationLandscapeRight";
				INFOPLIST_KEY_UISupportedInterfaceOrientations_iPhone = "UIInterfaceOrientationPortrait UIInterfaceOrientationLandscapeLeft UIInterfaceOrientationLandscapeRight";
				IPHONEOS_DEPLOYMENT_TARGET = 7.0;
				LD_RUNPATH_SEARCH_PATHS = (
					"$(inherited)",
					"@executable_path/Frameworks",
				);
				MARKETING_VERSION = 1.0;
				PRODUCT_BUNDLE_IDENTIFIER = com.0xilis.SnoolieTube;
				PRODUCT_NAME = "$(TARGET_NAME)";
				SWIFT_EMIT_LOC_STRINGS = YES;
				TARGETED_DEVICE_FAMILY = "1,2";
			};
			name = Release;
		};
/* End XCBuildConfiguration section */

/* Begin XCConfigurationList section */
		B0146A722B9AB6520029023B /* Build configuration list for PBXProject "SnoolieTube" */ = {
			isa = XCConfigurationList;
			buildConfigurations = (
				B0146A8E2B9AB6580029023B /* Debug */,
				B0146A8F2B9AB6580029023B /* Release */,
			);
			defaultConfigurationIsVisible = 0;
			defaultConfigurationName = Release;
		};
		B0146A902B9AB6580029023B /* Build configuration list for PBXNativeTarget "SnoolieTube" */ = {
			isa = XCConfigurationList;
			buildConfigurations = (
				B0146A912B9AB6580029023B /* Debug */,
				B0146A922B9AB6580029023B /* Release */,
			);
			defaultConfigurationIsVisible = 0;
			defaultConfigurationName = Release;
		};
/* End XCConfigurationList section */
	};
	rootObject = B0146A6F2B9AB6520029023B /* Project object */;
}
